
Microsoft Visual Studio Solution File, Format Version 12.00
# Visual Studio Version 17
VisualStudioVersion = 17.1.32228.430
MinimumVisualStudioVersion = 10.0.40219.1
Project("{9A19103F-16F7-4668-BE54-9A1E7A4F7556}") = "LocalCookieReader", "LocalCookieReader\LocalCookieReader.csproj", "{EA0BED46-E266-4568-AA5C-B92F7256C658}"
EndProject
Project("{9A19103F-16F7-4668-BE54-9A1E7A4F7556}") = "LocalCookieReaderTest", "LocalCookieReaderTest\LocalCookieReaderTest.csproj", "{DE3BEDD4-851D-48A6-B6CB-5BA43B140E0E}"
EndProject
Project("{9A19103F-16F7-4668-BE54-9A1E7A4F7556}") = "ConsoleApp1", "ConsoleApp1\ConsoleApp1.csproj", "{894539B8-530E-4DA3-9632-0C318ADE1B87}"
EndProject
Project("{2150E333-8FDC-42A3-9474-1A3956D46DE8}") = "Solution Items", "Solution Items", "{5676DF0C-BEBE-460A-90FF-5FEEB624CDDF}"
	ProjectSection(SolutionItems) = preProject
		README.md = README.md
	EndProjectSection
EndProject
Global
	GlobalSection(SolutionConfigurationPlatforms) = preSolution
		Debug|Any CPU = Debug|Any CPU
		Release|Any CPU = Release|Any CPU
	EndGlobalSection
	GlobalSection(ProjectConfigurationPlatforms) = postSolution
		{EA0BED46-E266-4568-AA5C-B92F7256C658}.Debug|Any CPU.ActiveCfg = Debug|Any CPU
		{EA0BED46-E266-4568-AA5C-B92F7256C658}.Debug|Any CPU.Build.0 = Debug|Any CPU
		{EA0BED46-E266-4568-AA5C-B92F7256C658}.Release|Any CPU.ActiveCfg = Release|Any CPU
		{EA0BED46-E266-4568-AA5C-B92F7256C658}.Release|Any CPU.Build.0 = Release|Any CPU
		{DE3BEDD4-851D-48A6-B6CB-5BA43B140E0E}.Debug|Any CPU.ActiveCfg = Debug|Any CPU
		{DE3BEDD4-851D-48A6-B6CB-5BA43B140E0E}.Debug|Any CPU.Build.0 = Debug|Any CPU
		{DE3BEDD4-851D-48A6-B6CB-5BA43B140E0E}.Release|Any CPU.ActiveCfg = Release|Any CPU
		{DE3BEDD4-851D-48A6-B6CB-5BA43B140E0E}.Release|Any CPU.Build.0 = Release|Any CPU
		{894539B8-530E-4DA3-9632-0C318ADE1B87}.Debug|Any CPU.ActiveCfg = Debug|Any CPU
		{894539B8-530E-4DA3-9632-0C318ADE1B87}.Debug|Any CPU.Build.0 = Debug|Any CPU
		{894539B8-530E-4DA3-9632-0C318ADE1B87}.Release|Any CPU.ActiveCfg = Release|Any CPU
		{894539B8-530E-4DA3-9632-0C318ADE1B87}.Release|Any CPU.Build.0 = Release|Any CPU
	EndGlobalSection
	GlobalSection(SolutionProperties) = preSolution
		HideSolutionNode = FALSE
	EndGlobalSection
	GlobalSection(ExtensibilityGlobals) = postSolution
		SolutionGuid = {496A5158-F9DB-4656-BA4B-751EB780F59A}
	EndGlobalSection
EndGlobal
